{
  "pins" : [
    {
      "identity" : "flipperlite",
      "kind" : "remoteSourceControl",
      "location" : "https://github.com/chiragramani/FlipperLite.git",
      "state" : {
        "branch" : "main",
        "revision" : "3e3569797b28327cd7f3e21d4a0f0b5207a7cb06"
      }
    }
  ],
  "version" : 2
}
