{
  "pins" : [
    {
      "identity" : "swiftflipper",
      "kind" : "remoteSourceControl",
      "location" : "https://github.com/chiragramani/SwiftFlipper",
      "state" : {
        "branch" : "main",
        "revision" : "0752b253a470565582b92dc25889801413199a04"
      }
    }
  ],
  "version" : 2
}
